
Microsoft Visual Studio Solution File, Format Version 12.00
# Visual Studio Version 16
VisualStudioVersion = 16.0.810.25
MinimumVisualStudioVersion = 10.0.40219.1
Project("{FAE04EC0-301F-11D3-BF4B-00C04F79EFBC}") = "ICD-10", "ICD-10\ICD-10.csproj", "{14036B72-EE2D-41C1-B9BA-62BFA2B59D84}"
EndProject
Project("{2150E333-8FDC-42A3-9474-1A3956D46DE8}") = "Solution Items", "Solution Items", "{869CCFE0-1CF8-49A7-881C-7A8AE433C261}"
	ProjectSection(SolutionItems) = preProject
		DataContext.cs = DataContext.cs
	EndProjectSection
EndProject
Global
	GlobalSection(SolutionConfigurationPlatforms) = preSolution
		Debug|Any CPU = Debug|Any CPU
		Release|Any CPU = Release|Any CPU
	EndGlobalSection
	GlobalSection(ProjectConfigurationPlatforms) = postSolution
		{14036B72-EE2D-41C1-B9BA-62BFA2B59D84}.Debug|Any CPU.ActiveCfg = Debug|Any CPU
		{14036B72-EE2D-41C1-B9BA-62BFA2B59D84}.Debug|Any CPU.Build.0 = Debug|Any CPU
		{14036B72-EE2D-41C1-B9BA-62BFA2B59D84}.Release|Any CPU.ActiveCfg = Release|Any CPU
		{14036B72-EE2D-41C1-B9BA-62BFA2B59D84}.Release|Any CPU.Build.0 = Release|Any CPU
	EndGlobalSection
	GlobalSection(SolutionProperties) = preSolution
		HideSolutionNode = FALSE
	EndGlobalSection
	GlobalSection(ExtensibilityGlobals) = postSolution
		SolutionGuid = {0B64B099-9238-460A-AB37-882CD45544A3}
	EndGlobalSection
EndGlobal
